# THIS IS AN AUTOGENERATED FILE. DO NOT EDIT THIS FILE DIRECTLY.
# yarn lockfile v1


"@encapsule/arccore@^0.1.10":
  version "0.1.10"
  resolved "https://registry.yarnpkg.com/@encapsule/arccore/-/arccore-0.1.10.tgz#29c23c31746446b8a457b3d3d101ecac24c98193"
  integrity sha512-CWq9CMS0fLTQJdlT4Fxmgnqiwg0cXbCh6YUp2cloQTH5Cbq6HEW0buFYh77Ipxt93qkqQrynpJEE3U3JyyS0Mw==
